
Microsoft Visual Studio Solution File, Format Version 12.00
# Visual Studio 15
VisualStudioVersion = 15.0.28307.438
MinimumVisualStudioVersion = 10.0.40219.1
Project("{FAE04EC0-301F-11D3-BF4B-00C04F79EFBC}") = "VP_Project", "VP_Project\VP_Project.csproj", "{DAEFC5FD-BF29-4E96-90FF-105AA18E2FC5}"
EndProject
Global
	GlobalSection(SolutionConfigurationPlatforms) = preSolution
		Debug|Any CPU = Debug|Any CPU
		Release|Any CPU = Release|Any CPU
	EndGlobalSection
	GlobalSection(ProjectConfigurationPlatforms) = postSolution
		{DAEFC5FD-BF29-4E96-90FF-105AA18E2FC5}.Debug|Any CPU.ActiveCfg = Debug|Any CPU
		{DAEFC5FD-BF29-4E96-90FF-105AA18E2FC5}.Debug|Any CPU.Build.0 = Debug|Any CPU
		{DAEFC5FD-BF29-4E96-90FF-105AA18E2FC5}.Release|Any CPU.ActiveCfg = Release|Any CPU
		{DAEFC5FD-BF29-4E96-90FF-105AA18E2FC5}.Release|Any CPU.Build.0 = Release|Any CPU
	EndGlobalSection
	GlobalSection(SolutionProperties) = preSolution
		HideSolutionNode = FALSE
	EndGlobalSection
	GlobalSection(ExtensibilityGlobals) = postSolution
		SolutionGuid = {7E017A8A-C339-4032-844E-B8765DDA7B68}
	EndGlobalSection
EndGlobal
